
Microsoft Visual Studio Solution File, Format Version 12.00
# Visual Studio 15
VisualStudioVersion = 15.0.26430.14
MinimumVisualStudioVersion = 10.0.40219.1
Project("{2150E333-8FDC-42A3-9474-1A3956D46DE8}") = "Solution Items", "Solution Items", "{0DB47C44-B079-42A1-BEA0-A0EFD53CEC6A}"
	ProjectSection(SolutionItems) = preProject
		Ticket007\index.html = Ticket007\index.html
		Ticket007\package.json = Ticket007\package.json
		Ticket007\ticket007.js = Ticket007\ticket007.js
	EndProjectSection
EndProject
Project("{9092AA53-FB77-4645-B42D-1CCCA6BD08BD}") = "Sharefoo", "Sharefoo\Sharefoo.njsproj", "{E59F196E-31D2-4A58-93DC-B19F91B20F2D}"
EndProject
Global
	GlobalSection(SolutionConfigurationPlatforms) = preSolution
		Debug|Any CPU = Debug|Any CPU
		Release|Any CPU = Release|Any CPU
	EndGlobalSection
	GlobalSection(ProjectConfigurationPlatforms) = postSolution
		{E59F196E-31D2-4A58-93DC-B19F91B20F2D}.Debug|Any CPU.ActiveCfg = Debug|Any CPU
		{E59F196E-31D2-4A58-93DC-B19F91B20F2D}.Debug|Any CPU.Build.0 = Debug|Any CPU
		{E59F196E-31D2-4A58-93DC-B19F91B20F2D}.Release|Any CPU.ActiveCfg = Release|Any CPU
		{E59F196E-31D2-4A58-93DC-B19F91B20F2D}.Release|Any CPU.Build.0 = Release|Any CPU
	EndGlobalSection
	GlobalSection(SolutionProperties) = preSolution
		HideSolutionNode = FALSE
	EndGlobalSection
EndGlobal
